
Microsoft Visual Studio Solution File, Format Version 12.00
# Visual Studio Version 16
VisualStudioVersion = 16.0.33214.272
MinimumVisualStudioVersion = 10.0.40219.1
Project("{FAE04EC0-301F-11D3-BF4B-00C04F79EFBC}") = "ConsoleApp20", "ConsoleApp20\ConsoleApp20.csproj", "{D89DCF31-CE14-476F-851F-49D51412280F}"
EndProject
Global
	GlobalSection(SolutionConfigurationPlatforms) = preSolution
		Debug|Any CPU = Debug|Any CPU
		Release|Any CPU = Release|Any CPU
	EndGlobalSection
	GlobalSection(ProjectConfigurationPlatforms) = postSolution
		{D89DCF31-CE14-476F-851F-49D51412280F}.Debug|Any CPU.ActiveCfg = Debug|Any CPU
		{D89DCF31-CE14-476F-851F-49D51412280F}.Debug|Any CPU.Build.0 = Debug|Any CPU
		{D89DCF31-CE14-476F-851F-49D51412280F}.Release|Any CPU.ActiveCfg = Release|Any CPU
		{D89DCF31-CE14-476F-851F-49D51412280F}.Release|Any CPU.Build.0 = Release|Any CPU
	EndGlobalSection
	GlobalSection(SolutionProperties) = preSolution
		HideSolutionNode = FALSE
	EndGlobalSection
	GlobalSection(ExtensibilityGlobals) = postSolution
		SolutionGuid = {9B5833E9-F121-40ED-BA20-E43A2B141174}
	EndGlobalSection
EndGlobal
